GEM\n  remote: https://rubygems.org/\n  specs:\n    ast (2.4.2)\n    base64 (0.1.1)\n    concurrent-ruby (1.3.7)\n    debug (1.8.0)\n      irb (>= 1.5.0)\n      reline (>= 0.3.1)\n    io-console (0.6.0)\n    irb (1.8.3)\n      rdoc\n      reline (>= 0.3.8)\n    json (2.6.3)\n    language_server-protocol (3.17.0.3)\n    mime-types (3.5.1)\n      mime-types-data (~> 3.2015)\n    mime-types-data (3.2023.1003)\n    parallel (1.23.0)\n    parser (3.2.2.4)\n      ast (~> 2.4.1)\n      racc\n    playwright-ruby-client (1.38.0)\n      concurrent-ruby (>= 1.1.6)\n      mime-types (>= 3.0)\n    psych (5.1.1)\n      stringio\n    racc (1.7.1)\n    rainbow (3.1.1)\n    rdoc (6.5.0)\n      psych (>= 4.0.0)\n    regexp_parser (2.8.2)\n    reline (0.3.9)\n      io-console (~> 0.5)\n    rexml (3.3.9)\n    rubocop (1.57.1)\n      base64 (~> 0.1.1)\n      json (~> 2.3)\n      language_server-protocol (>= 3.17.0)\n      parallel (~> 1.10)\n      parser (>= 3.2.2.4)\n      rainbow (>= 2.2.2, < 4.0)\n      regexp_parser (>= 1.8, < 3.0)\n      rexml (>= 3.2.5, < 4.0)\n      rubocop-ast (>= 1.28.1, < 2.0)\n      ruby-progressbar (~> 1.7)\n      unicode-display_width (>= 2.4.0, < 3.0)\n    rubocop-ast (1.29.0)\n      parser (>= 3.2.1.0)\n    ruby-progressbar (1.13.0)\n    stringio (3.0.8)\n    unicode-display_width (2.5.0)\n\nPLATFORMS\n  arm64-darwin-22\n  arm64-darwin-23\n  arm64-darwin-24\n  x86_64-linux\n\nDEPENDENCIES\n  debug\n  playwright-ruby-client\n  rubocop\n\nBUNDLED WITH\n   2.4.20\n